
Microsoft Visual Studio Solution File, Format Version 12.00
# Visual Studio 15
VisualStudioVersion = 15.0.28010.2016
MinimumVisualStudioVersion = 10.0.40219.1
Project("{FAE04EC0-301F-11D3-BF4B-00C04F79EFBC}") = "QuizWPF", "QuizWPF\QuizWPF.csproj", "{BA61FD3C-743A-4383-B5DB-ACB6327F1D85}"
EndProject
Global
	GlobalSection(SolutionConfigurationPlatforms) = preSolution
		Debug|Any CPU = Debug|Any CPU
		Release|Any CPU = Release|Any CPU
	EndGlobalSection
	GlobalSection(ProjectConfigurationPlatforms) = postSolution
		{BA61FD3C-743A-4383-B5DB-ACB6327F1D85}.Debug|Any CPU.ActiveCfg = Debug|Any CPU
		{BA61FD3C-743A-4383-B5DB-ACB6327F1D85}.Debug|Any CPU.Build.0 = Debug|Any CPU
		{BA61FD3C-743A-4383-B5DB-ACB6327F1D85}.Release|Any CPU.ActiveCfg = Release|Any CPU
		{BA61FD3C-743A-4383-B5DB-ACB6327F1D85}.Release|Any CPU.Build.0 = Release|Any CPU
	EndGlobalSection
	GlobalSection(SolutionProperties) = preSolution
		HideSolutionNode = FALSE
	EndGlobalSection
	GlobalSection(ExtensibilityGlobals) = postSolution
		SolutionGuid = {03FE7724-8A9B-465F-83A5-5A0A60A48866}
	EndGlobalSection
EndGlobal
